
Microsoft Visual Studio Solution File, Format Version 12.00
# Visual Studio Version 16
VisualStudioVersion = 16.0.31229.75
MinimumVisualStudioVersion = 10.0.40219.1
Project("{9A19103F-16F7-4668-BE54-9A1E7A4F7556}") = "MLBSharp", "MLBSharp\MLBSharp.csproj", "{F90EF440-4CDE-4E70-8852-23F666D3098B}"
EndProject
Project("{2150E333-8FDC-42A3-9474-1A3956D46DE8}") = "Solution Items", "Solution Items", "{36466C80-C5AF-4F2E-810C-0C2EC8BFD82E}"
	ProjectSection(SolutionItems) = preProject
		.gitignore = .gitignore
		Documentation.md = Documentation.md
		README.md = README.md
	EndProjectSection
EndProject
Project("{9A19103F-16F7-4668-BE54-9A1E7A4F7556}") = "MLBSharpCli", "MLBSharpCli\MLBSharpCli.csproj", "{37257929-F094-42C9-8BC6-54644F32B5FE}"
EndProject
Global
	GlobalSection(SolutionConfigurationPlatforms) = preSolution
		Debug|Any CPU = Debug|Any CPU
		Release|Any CPU = Release|Any CPU
	EndGlobalSection
	GlobalSection(ProjectConfigurationPlatforms) = postSolution
		{F90EF440-4CDE-4E70-8852-23F666D3098B}.Debug|Any CPU.ActiveCfg = Debug|Any CPU
		{F90EF440-4CDE-4E70-8852-23F666D3098B}.Debug|Any CPU.Build.0 = Debug|Any CPU
		{F90EF440-4CDE-4E70-8852-23F666D3098B}.Release|Any CPU.ActiveCfg = Release|Any CPU
		{F90EF440-4CDE-4E70-8852-23F666D3098B}.Release|Any CPU.Build.0 = Release|Any CPU
		{37257929-F094-42C9-8BC6-54644F32B5FE}.Debug|Any CPU.ActiveCfg = Debug|Any CPU
		{37257929-F094-42C9-8BC6-54644F32B5FE}.Debug|Any CPU.Build.0 = Debug|Any CPU
		{37257929-F094-42C9-8BC6-54644F32B5FE}.Release|Any CPU.ActiveCfg = Release|Any CPU
		{37257929-F094-42C9-8BC6-54644F32B5FE}.Release|Any CPU.Build.0 = Release|Any CPU
	EndGlobalSection
	GlobalSection(SolutionProperties) = preSolution
		HideSolutionNode = FALSE
	EndGlobalSection
	GlobalSection(ExtensibilityGlobals) = postSolution
		SolutionGuid = {F148DCA3-404F-49F4-911C-DA0D4527054C}
	EndGlobalSection
EndGlobal
